
Microsoft Visual Studio Solution File, Format Version 12.00
# Visual Studio Version 17
VisualStudioVersion = 17.0.31903.59
MinimumVisualStudioVersion = 10.0.40219.1
Project("{2150E333-8FDC-42A3-9474-1A3956D46DE8}") = "src", "src", "{827E0CD3-B72D-47B6-A68D-7590B98EB39B}"
EndProject
Project("{FAE04EC0-301F-11D3-BF4B-00C04F79EFBC}") = "DeviceControlCore", "src\DeviceControlCore\DeviceControlCore.csproj", "{2089CF64-6522-42C7-BE6E-7D061FDE136C}"
EndProject
Project("{2150E333-8FDC-42A3-9474-1A3956D46DE8}") = "tests", "tests", "{0AB3BF05-4346-4AA6-1389-037BE0695223}"
EndProject
Project("{FAE04EC0-301F-11D3-BF4B-00C04F79EFBC}") = "DeviceControlCore.Tests", "tests\DeviceControlCore.Tests\DeviceControlCore.Tests.csproj", "{06162959-CF49-4EA4-906E-8BC8274E7CBD}"
EndProject
Global
	GlobalSection(SolutionConfigurationPlatforms) = preSolution
		Debug|Any CPU = Debug|Any CPU
		Debug|x64 = Debug|x64
		Debug|x86 = Debug|x86
		Release|Any CPU = Release|Any CPU
		Release|x64 = Release|x64
		Release|x86 = Release|x86
	EndGlobalSection
	GlobalSection(ProjectConfigurationPlatforms) = postSolution
		{2089CF64-6522-42C7-BE6E-7D061FDE136C}.Debug|Any CPU.ActiveCfg = Debug|Any CPU
		{2089CF64-6522-42C7-BE6E-7D061FDE136C}.Debug|Any CPU.Build.0 = Debug|Any CPU
		{2089CF64-6522-42C7-BE6E-7D061FDE136C}.Debug|x64.ActiveCfg = Debug|Any CPU
		{2089CF64-6522-42C7-BE6E-7D061FDE136C}.Debug|x64.Build.0 = Debug|Any CPU
		{2089CF64-6522-42C7-BE6E-7D061FDE136C}.Debug|x86.ActiveCfg = Debug|Any CPU
		{2089CF64-6522-42C7-BE6E-7D061FDE136C}.Debug|x86.Build.0 = Debug|Any CPU
		{2089CF64-6522-42C7-BE6E-7D061FDE136C}.Release|Any CPU.ActiveCfg = Release|Any CPU
		{2089CF64-6522-42C7-BE6E-7D061FDE136C}.Release|Any CPU.Build.0 = Release|Any CPU
		{2089CF64-6522-42C7-BE6E-7D061FDE136C}.Release|x64.ActiveCfg = Release|Any CPU
		{2089CF64-6522-42C7-BE6E-7D061FDE136C}.Release|x64.Build.0 = Release|Any CPU
		{2089CF64-6522-42C7-BE6E-7D061FDE136C}.Release|x86.ActiveCfg = Release|Any CPU
		{2089CF64-6522-42C7-BE6E-7D061FDE136C}.Release|x86.Build.0 = Release|Any CPU
		{06162959-CF49-4EA4-906E-8BC8274E7CBD}.Debug|Any CPU.ActiveCfg = Debug|Any CPU
		{06162959-CF49-4EA4-906E-8BC8274E7CBD}.Debug|Any CPU.Build.0 = Debug|Any CPU
		{06162959-CF49-4EA4-906E-8BC8274E7CBD}.Debug|x64.ActiveCfg = Debug|Any CPU
		{06162959-CF49-4EA4-906E-8BC8274E7CBD}.Debug|x64.Build.0 = Debug|Any CPU
		{06162959-CF49-4EA4-906E-8BC8274E7CBD}.Debug|x86.ActiveCfg = Debug|Any CPU
		{06162959-CF49-4EA4-906E-8BC8274E7CBD}.Debug|x86.Build.0 = Debug|Any CPU
		{06162959-CF49-4EA4-906E-8BC8274E7CBD}.Release|Any CPU.ActiveCfg = Release|Any CPU
		{06162959-CF49-4EA4-906E-8BC8274E7CBD}.Release|Any CPU.Build.0 = Release|Any CPU
		{06162959-CF49-4EA4-906E-8BC8274E7CBD}.Release|x64.ActiveCfg = Release|Any CPU
		{06162959-CF49-4EA4-906E-8BC8274E7CBD}.Release|x64.Build.0 = Release|Any CPU
		{06162959-CF49-4EA4-906E-8BC8274E7CBD}.Release|x86.ActiveCfg = Release|Any CPU
		{06162959-CF49-4EA4-906E-8BC8274E7CBD}.Release|x86.Build.0 = Release|Any CPU
	EndGlobalSection
	GlobalSection(SolutionProperties) = preSolution
		HideSolutionNode = FALSE
	EndGlobalSection
	GlobalSection(NestedProjects) = preSolution
		{2089CF64-6522-42C7-BE6E-7D061FDE136C} = {827E0CD3-B72D-47B6-A68D-7590B98EB39B}
		{06162959-CF49-4EA4-906E-8BC8274E7CBD} = {0AB3BF05-4346-4AA6-1389-037BE0695223}
	EndGlobalSection
EndGlobal
